
Microsoft Visual Studio Solution File, Format Version 12.00
# Visual Studio 15
VisualStudioVersion = 15.0.27004.2010
MinimumVisualStudioVersion = 10.0.40219.1
Project("{9A19103F-16F7-4668-BE54-9A1E7A4F7556}") = "SisCor", "SisCor.csproj", "{A8A44F7B-F2BB-40A4-8983-AB658FF5B93E}"
EndProject
Global
	GlobalSection(SolutionConfigurationPlatforms) = preSolution
		Debug|Any CPU = Debug|Any CPU
		Release|Any CPU = Release|Any CPU
	EndGlobalSection
	GlobalSection(ProjectConfigurationPlatforms) = postSolution
		{A8A44F7B-F2BB-40A4-8983-AB658FF5B93E}.Debug|Any CPU.ActiveCfg = Debug|Any CPU
		{A8A44F7B-F2BB-40A4-8983-AB658FF5B93E}.Debug|Any CPU.Build.0 = Debug|Any CPU
		{A8A44F7B-F2BB-40A4-8983-AB658FF5B93E}.Release|Any CPU.ActiveCfg = Release|Any CPU
		{A8A44F7B-F2BB-40A4-8983-AB658FF5B93E}.Release|Any CPU.Build.0 = Release|Any CPU
	EndGlobalSection
	GlobalSection(SolutionProperties) = preSolution
		HideSolutionNode = FALSE
	EndGlobalSection
	GlobalSection(ExtensibilityGlobals) = postSolution
		SolutionGuid = {D9AC4557-43CC-4466-B2DB-297A6186FFA8}
	EndGlobalSection
EndGlobal
